{
  "requires": true,
  "lockfileVersion": 1,
  "dependencies": {
    "cpf": {
      "version": "1.0.1",
      "resolved": "https://registry.npmjs.org/cpf/-/cpf-1.0.1.tgz",
      "integrity": "sha512-InmNIi3EqLjLavMwk+JOnxC40J5mPPVjES/jf69iVHMIfXoNriv0Kua5qDW5cmP43Yb74xlP2Qk9yhzn6cajww=="
    },
    "node-cnpj": {
      "version": "1.0.8",
      "resolved": "https://registry.npmjs.org/node-cnpj/-/node-cnpj-1.0.8.tgz",
      "integrity": "sha1-DmebtSoDJSUzNHPnCwv7lDbA23o="
    }
  }
}
